// !$*UTF8*$!
{
	archiveVersion = 1;
	classes = {
	};
	objectVersion = 55;
	objects = {

/* Begin PBXBuildFile section */
		F80051DC28D4688500E481DF /* ExerciseCombineTests.swift in Sources */ = {isa = PBXBuildFile; fileRef = F80051DB28D4688500E481DF /* ExerciseCombineTests.swift */; };
		F80051E228D4688B00E481DF /* NetworkService.swift in Sources */ = {isa = PBXBuildFile; fileRef = F80051D028D465EC00E481DF /* NetworkService.swift */; };
		F80051E428D46A3800E481DF /* WeatherModel.swift in Sources */ = {isa = PBXBuildFile; fileRef = F80051E328D46A3800E481DF /* WeatherModel.swift */; };
		F80051E628D80BDB00E481DF /* WeatherViewModel.swift in Sources */ = {isa = PBXBuildFile; fileRef = F80051E528D80BDB00E481DF /* WeatherViewModel.swift */; };
		F85400F328BC6FF8007851BC /* AppDelegate.swift in Sources */ = {isa = PBXBuildFile; fileRef = F85400F228BC6FF8007851BC /* AppDelegate.swift */; };
		F85400F528BC6FF8007851BC /* SceneDelegate.swift in Sources */ = {isa = PBXBuildFile; fileRef = F85400F428BC6FF8007851BC /* SceneDelegate.swift */; };
		F85400F728BC6FF8007851BC /* ViewController.swift in Sources */ = {isa = PBXBuildFile; fileRef = F85400F628BC6FF8007851BC /* ViewController.swift */; };
		F85400FA28BC6FF8007851BC /* Main.storyboard in Resources */ = {isa = PBXBuildFile; fileRef = F85400F828BC6FF8007851BC /* Main.storyboard */; };
		F85400FC28BC6FFB007851BC /* Assets.xcassets in Resources */ = {isa = PBXBuildFile; fileRef = F85400FB28BC6FFB007851BC /* Assets.xcassets */; };
		F85400FF28BC6FFB007851BC /* LaunchScreen.storyboard in Resources */ = {isa = PBXBuildFile; fileRef = F85400FD28BC6FFB007851BC /* LaunchScreen.storyboard */; };
		F854010728BC7246007851BC /* AvaliableMenu.swift in Sources */ = {isa = PBXBuildFile; fileRef = F854010628BC7246007851BC /* AvaliableMenu.swift */; };
/* End PBXBuildFile section */

/* Begin PBXContainerItemProxy section */
		F80051DD28D4688500E481DF /* PBXContainerItemProxy */ = {
			isa = PBXContainerItemProxy;
			containerPortal = F85400E728BC6FF8007851BC /* Project object */;
			proxyType = 1;
			remoteGlobalIDString = F85400EE28BC6FF8007851BC;
			remoteInfo = ExerciseCombine;
		};
/* End PBXContainerItemProxy section */

/* Begin PBXFileReference section */
		F80051D028D465EC00E481DF /* NetworkService.swift */ = {isa = PBXFileReference; lastKnownFileType = sourcecode.swift; path = NetworkService.swift; sourceTree = "<group>"; };
		F80051D928D4688500E481DF /* ExerciseCombineTests.xctest */ = {isa = PBXFileReference; explicitFileType = wrapper.cfbundle; includeInIndex = 0; path = ExerciseCombineTests.xctest; sourceTree = BUILT_PRODUCTS_DIR; };
		F80051DB28D4688500E481DF /* ExerciseCombineTests.swift */ = {isa = PBXFileReference; lastKnownFileType = sourcecode.swift; path = ExerciseCombineTests.swift; sourceTree = "<group>"; };
		F80051E328D46A3800E481DF /* WeatherModel.swift */ = {isa = PBXFileReference; lastKnownFileType = sourcecode.swift; path = WeatherModel.swift; sourceTree = "<group>"; };
		F80051E528D80BDB00E481DF /* WeatherViewModel.swift */ = {isa = PBXFileReference; lastKnownFileType = sourcecode.swift; path = WeatherViewModel.swift; sourceTree = "<group>"; };
		F85400EF28BC6FF8007851BC /* ExerciseCombine.app */ = {isa = PBXFileReference; explicitFileType = wrapper.application; includeInIndex = 0; path = ExerciseCombine.app; sourceTree = BUILT_PRODUCTS_DIR; };
		F85400F228BC6FF8007851BC /* AppDelegate.swift */ = {isa = PBXFileReference; lastKnownFileType = sourcecode.swift; path = AppDelegate.swift; sourceTree = "<group>"; };
		F85400F428BC6FF8007851BC /* SceneDelegate.swift */ = {isa = PBXFileReference; lastKnownFileType = sourcecode.swift; path = SceneDelegate.swift; sourceTree = "<group>"; };
		F85400F628BC6FF8007851BC /* ViewController.swift */ = {isa = PBXFileReference; lastKnownFileType = sourcecode.swift; path = ViewController.swift; sourceTree = "<group>"; };
		F85400F928BC6FF8007851BC /* Base */ = {isa = PBXFileReference; lastKnownFileType = file.storyboard; name = Base; path = Base.lproj/Main.storyboard; sourceTree = "<group>"; };
		F85400FB28BC6FFB007851BC /* Assets.xcassets */ = {isa = PBXFileReference; lastKnownFileType = folder.assetcatalog; path = Assets.xcassets; sourceTree = "<group>"; };
		F85400FE28BC6FFB007851BC /* Base */ = {isa = PBXFileReference; lastKnownFileType = file.storyboard; name = Base; path = Base.lproj/LaunchScreen.storyboard; sourceTree = "<group>"; };
		F854010028BC6FFB007851BC /* Info.plist */ = {isa = PBXFileReference; lastKnownFileType = text.plist.xml; path = Info.plist; sourceTree = "<group>"; };
		F854010628BC7246007851BC /* AvaliableMenu.swift */ = {isa = PBXFileReference; lastKnownFileType = sourcecode.swift; path = AvaliableMenu.swift; sourceTree = "<group>"; };
/* End PBXFileReference section */

/* Begin PBXFrameworksBuildPhase section */
		F80051D628D4688500E481DF /* Frameworks */ = {
			isa = PBXFrameworksBuildPhase;
			buildActionMask = 2147483647;
			files = (
			);
			runOnlyForDeploymentPostprocessing = 0;
		};
		F85400EC28BC6FF8007851BC /* Frameworks */ = {
			isa = PBXFrameworksBuildPhase;
			buildActionMask = 2147483647;
			files = (
			);
			runOnlyForDeploymentPostprocessing = 0;
		};
/* End PBXFrameworksBuildPhase section */

/* Begin PBXGroup section */
		F80051DA28D4688500E481DF /* ExerciseCombineTests */ = {
			isa = PBXGroup;
			children = (
				F80051D028D465EC00E481DF /* NetworkService.swift */,
				F80051E328D46A3800E481DF /* WeatherModel.swift */,
				F80051E528D80BDB00E481DF /* WeatherViewModel.swift */,
				F80051DB28D4688500E481DF /* ExerciseCombineTests.swift */,
			);
			path = ExerciseCombineTests;
			sourceTree = "<group>";
		};
		F85400E628BC6FF8007851BC = {
			isa = PBXGroup;
			children = (
				F85400F128BC6FF8007851BC /* ExerciseCombine */,
				F80051DA28D4688500E481DF /* ExerciseCombineTests */,
				F85400F028BC6FF8007851BC /* Products */,
			);
			sourceTree = "<group>";
		};
		F85400F028BC6FF8007851BC /* Products */ = {
			isa = PBXGroup;
			children = (
				F85400EF28BC6FF8007851BC /* ExerciseCombine.app */,
				F80051D928D4688500E481DF /* ExerciseCombineTests.xctest */,
			);
			name = Products;
			sourceTree = "<group>";
		};
		F85400F128BC6FF8007851BC /* ExerciseCombine */ = {
			isa = PBXGroup;
			children = (
				F85400F228BC6FF8007851BC /* AppDelegate.swift */,
				F85400F428BC6FF8007851BC /* SceneDelegate.swift */,
				F85400F628BC6FF8007851BC /* ViewController.swift */,
				F854010628BC7246007851BC /* AvaliableMenu.swift */,
				F85400F828BC6FF8007851BC /* Main.storyboard */,
				F85400FB28BC6FFB007851BC /* Assets.xcassets */,
				F85400FD28BC6FFB007851BC /* LaunchScreen.storyboard */,
				F854010028BC6FFB007851BC /* Info.plist */,
			);
			path = ExerciseCombine;
			sourceTree = "<group>";
		};
/* End PBXGroup section */

/* Begin PBXNativeTarget section */
		F80051D828D4688500E481DF /* ExerciseCombineTests */ = {
			isa = PBXNativeTarget;
			buildConfigurationList = F80051DF28D4688500E481DF /* Build configuration list for PBXNativeTarget "ExerciseCombineTests" */;
			buildPhases = (
				F80051D528D4688500E481DF /* Sources */,
				F80051D628D4688500E481DF /* Frameworks */,
				F80051D728D4688500E481DF /* Resources */,
			);
			buildRules = (
			);
			dependencies = (
				F80051DE28D4688500E481DF /* PBXTargetDependency */,
			);
			name = ExerciseCombineTests;
			productName = ExerciseCombineTests;
			productReference = F80051D928D4688500E481DF /* ExerciseCombineTests.xctest */;
			productType = "com.apple.product-type.bundle.unit-test";
		};
		F85400EE28BC6FF8007851BC /* ExerciseCombine */ = {
			isa = PBXNativeTarget;
			buildConfigurationList = F854010328BC6FFB007851BC /* Build configuration list for PBXNativeTarget "ExerciseCombine" */;
			buildPhases = (
				F85400EB28BC6FF8007851BC /* Sources */,
				F85400EC28BC6FF8007851BC /* Frameworks */,
				F85400ED28BC6FF8007851BC /* Resources */,
			);
			buildRules = (
			);
			dependencies = (
			);
			name = ExerciseCombine;
			productName = ExerciseCombine;
			productReference = F85400EF28BC6FF8007851BC /* ExerciseCombine.app */;
			productType = "com.apple.product-type.application";
		};
/* End PBXNativeTarget section */

/* Begin PBXProject section */
		F85400E728BC6FF8007851BC /* Project object */ = {
			isa = PBXProject;
			attributes = {
				BuildIndependentTargetsInParallel = 1;
				LastSwiftUpdateCheck = 1340;
				LastUpgradeCheck = 1340;
				TargetAttributes = {
					F80051D828D4688500E481DF = {
						CreatedOnToolsVersion = 13.4.1;
						TestTargetID = F85400EE28BC6FF8007851BC;
					};
					F85400EE28BC6FF8007851BC = {
						CreatedOnToolsVersion = 13.4.1;
					};
				};
			};
			buildConfigurationList = F85400EA28BC6FF8007851BC /* Build configuration list for PBXProject "ExerciseCombine" */;
			compatibilityVersion = "Xcode 13.0";
			developmentRegion = en;
			hasScannedForEncodings = 0;
			knownRegions = (
				en,
				Base,
			);
			mainGroup = F85400E628BC6FF8007851BC;
			productRefGroup = F85400F028BC6FF8007851BC /* Products */;
			projectDirPath = "";
			projectRoot = "";
			targets = (
				F85400EE28BC6FF8007851BC /* ExerciseCombine */,
				F80051D828D4688500E481DF /* ExerciseCombineTests */,
			);
		};
/* End PBXProject section */

/* Begin PBXResourcesBuildPhase section */
		F80051D728D4688500E481DF /* Resources */ = {
			isa = PBXResourcesBuildPhase;
			buildActionMask = 2147483647;
			files = (
			);
			runOnlyForDeploymentPostprocessing = 0;
		};
		F85400ED28BC6FF8007851BC /* Resources */ = {
			isa = PBXResourcesBuildPhase;
			buildActionMask = 2147483647;
			files = (
				F85400FF28BC6FFB007851BC /* LaunchScreen.storyboard in Resources */,
				F85400FC28BC6FFB007851BC /* Assets.xcassets in Resources */,
				F85400FA28BC6FF8007851BC /* Main.storyboard in Resources */,
			);
			runOnlyForDeploymentPostprocessing = 0;
		};
/* End PBXResourcesBuildPhase section */

/* Begin PBXSourcesBuildPhase section */
		F80051D528D4688500E481DF /* Sources */ = {
			isa = PBXSourcesBuildPhase;
			buildActionMask = 2147483647;
			files = (
				F80051DC28D4688500E481DF /* ExerciseCombineTests.swift in Sources */,
				F80051E628D80BDB00E481DF /* WeatherViewModel.swift in Sources */,
				F80051E428D46A3800E481DF /* WeatherModel.swift in Sources */,
				F80051E228D4688B00E481DF /* NetworkService.swift in Sources */,
			);
			runOnlyForDeploymentPostprocessing = 0;
		};
		F85400EB28BC6FF8007851BC /* Sources */ = {
			isa = PBXSourcesBuildPhase;
			buildActionMask = 2147483647;
			files = (
				F854010728BC7246007851BC /* AvaliableMenu.swift in Sources */,
				F85400F728BC6FF8007851BC /* ViewController.swift in Sources */,
				F85400F328BC6FF8007851BC /* AppDelegate.swift in Sources */,
				F85400F528BC6FF8007851BC /* SceneDelegate.swift in Sources */,
			);
			runOnlyForDeploymentPostprocessing = 0;
		};
/* End PBXSourcesBuildPhase section */

/* Begin PBXTargetDependency section */
		F80051DE28D4688500E481DF /* PBXTargetDependency */ = {
			isa = PBXTargetDependency;
			target = F85400EE28BC6FF8007851BC /* ExerciseCombine */;
			targetProxy = F80051DD28D4688500E481DF /* PBXContainerItemProxy */;
		};
/* End PBXTargetDependency section */

/* Begin PBXVariantGroup section */
		F85400F828BC6FF8007851BC /* Main.storyboard */ = {
			isa = PBXVariantGroup;
			children = (
				F85400F928BC6FF8007851BC /* Base */,
			);
			name = Main.storyboard;
			sourceTree = "<group>";
		};
		F85400FD28BC6FFB007851BC /* LaunchScreen.storyboard */ = {
			isa = PBXVariantGroup;
			children = (
				F85400FE28BC6FFB007851BC /* Base */,
			);
			name = LaunchScreen.storyboard;
			sourceTree = "<group>";
		};
/* End PBXVariantGroup section */

/* Begin XCBuildConfiguration section */
		F80051E028D4688500E481DF /* Debug */ = {
			isa = XCBuildConfiguration;
			buildSettings = {
				BUNDLE_LOADER = "$(TEST_HOST)";
				CODE_SIGN_STYLE = Automatic;
				CURRENT_PROJECT_VERSION = 1;
				GENERATE_INFOPLIST_FILE = YES;
				MARKETING_VERSION = 1.0;
				PRODUCT_BUNDLE_IDENTIFIER = com.athoya.ExerciseCombineTests;
				PRODUCT_NAME = "$(TARGET_NAME)";
				SWIFT_EMIT_LOC_STRINGS = NO;
				SWIFT_VERSION = 5.0;
				TARGETED_DEVICE_FAMILY = "1,2";
				TEST_HOST = "$(BUILT_PRODUCTS_DIR)/ExerciseCombine.app/ExerciseCombine";
			};
			name = Debug;
		};
		F80051E128D4688500E481DF /* Release */ = {
			isa = XCBuildConfiguration;
			buildSettings = {
				BUNDLE_LOADER = "$(TEST_HOST)";
				CODE_SIGN_STYLE = Automatic;
				CURRENT_PROJECT_VERSION = 1;
				GENERATE_INFOPLIST_FILE = YES;
				MARKETING_VERSION = 1.0;
				PRODUCT_BUNDLE_IDENTIFIER = com.athoya.ExerciseCombineTests;
				PRODUCT_NAME = "$(TARGET_NAME)";
				SWIFT_EMIT_LOC_STRINGS = NO;
				SWIFT_VERSION = 5.0;
				TARGETED_DEVICE_FAMILY = "1,2";
				TEST_HOST = "$(BUILT_PRODUCTS_DIR)/ExerciseCombine.app/ExerciseCombine";
			};
			name = Release;
		};
		F854010128BC6FFB007851BC /* Debug */ = {
			isa = XCBuildConfiguration;
			buildSettings = {
				ALWAYS_SEARCH_USER_PATHS = NO;
				CLANG_ANALYZER_NONNULL = YES;
				CLANG_ANALYZER_NUMBER_OBJECT_CONVERSION = YES_AGGRESSIVE;
				CLANG_CXX_LANGUAGE_STANDARD = "gnu++17";
				CLANG_ENABLE_MODULES = YES;
				CLANG_ENABLE_OBJC_ARC = YES;
				CLANG_ENABLE_OBJC_WEAK = YES;
				CLANG_WARN_BLOCK_CAPTURE_AUTORELEASING = YES;
				CLANG_WARN_BOOL_CONVERSION = YES;
				CLANG_WARN_COMMA = YES;
				CLANG_WARN_CONSTANT_CONVERSION = YES;
				CLANG_WARN_DEPRECATED_OBJC_IMPLEMENTATIONS = YES;
				CLANG_WARN_DIRECT_OBJC_ISA_USAGE = YES_ERROR;
				CLANG_WARN_DOCUMENTATION_COMMENTS = YES;
				CLANG_WARN_EMPTY_BODY = YES;
				CLANG_WARN_ENUM_CONVERSION = YES;
				CLANG_WARN_INFINITE_RECURSION = YES;
				CLANG_WARN_INT_CONVERSION = YES;
				CLANG_WARN_NON_LITERAL_NULL_CONVERSION = YES;
				CLANG_WARN_OBJC_IMPLICIT_RETAIN_SELF = YES;
				CLANG_WARN_OBJC_LITERAL_CONVERSION = YES;
				CLANG_WARN_OBJC_ROOT_CLASS = YES_ERROR;
				CLANG_WARN_QUOTED_INCLUDE_IN_FRAMEWORK_HEADER = YES;
				CLANG_WARN_RANGE_LOOP_ANALYSIS = YES;
				CLANG_WARN_STRICT_PROTOTYPES = YES;
				CLANG_WARN_SUSPICIOUS_MOVE = YES;
				CLANG_WARN_UNGUARDED_AVAILABILITY = YES_AGGRESSIVE;
				CLANG_WARN_UNREACHABLE_CODE = YES;
				CLANG_WARN__DUPLICATE_METHOD_MATCH = YES;
				COPY_PHASE_STRIP = NO;
				DEBUG_INFORMATION_FORMAT = dwarf;
				ENABLE_STRICT_OBJC_MSGSEND = YES;
				ENABLE_TESTABILITY = YES;
				GCC_C_LANGUAGE_STANDARD = gnu11;
				GCC_DYNAMIC_NO_PIC = NO;
				GCC_NO_COMMON_BLOCKS = YES;
				GCC_OPTIMIZATION_LEVEL = 0;
				GCC_PREPROCESSOR_DEFINITIONS = (
					"DEBUG=1",
					"$(inherited)",
				);
				GCC_WARN_64_TO_32_BIT_CONVERSION = YES;
				GCC_WARN_ABOUT_RETURN_TYPE = YES_ERROR;
				GCC_WARN_UNDECLARED_SELECTOR = YES;
				GCC_WARN_UNINITIALIZED_AUTOS = YES_AGGRESSIVE;
				GCC_WARN_UNUSED_FUNCTION = YES;
				GCC_WARN_UNUSED_VARIABLE = YES;
				IPHONEOS_DEPLOYMENT_TARGET = 15.5;
				MTL_ENABLE_DEBUG_INFO = INCLUDE_SOURCE;
				MTL_FAST_MATH = YES;
				ONLY_ACTIVE_ARCH = YES;
				SDKROOT = iphoneos;
				SWIFT_ACTIVE_COMPILATION_CONDITIONS = DEBUG;
				SWIFT_OPTIMIZATION_LEVEL = "-Onone";
			};
			name = Debug;
		};
		F854010228BC6FFB007851BC /* Release */ = {
			isa = XCBuildConfiguration;
			buildSettings = {
				ALWAYS_SEARCH_USER_PATHS = NO;
				CLANG_ANALYZER_NONNULL = YES;
				CLANG_ANALYZER_NUMBER_OBJECT_CONVERSION = YES_AGGRESSIVE;
				CLANG_CXX_LANGUAGE_STANDARD = "gnu++17";
				CLANG_ENABLE_MODULES = YES;
				CLANG_ENABLE_OBJC_ARC = YES;
				CLANG_ENABLE_OBJC_WEAK = YES;
				CLANG_WARN_BLOCK_CAPTURE_AUTORELEASING = YES;
				CLANG_WARN_BOOL_CONVERSION = YES;
				CLANG_WARN_COMMA = YES;
				CLANG_WARN_CONSTANT_CONVERSION = YES;
				CLANG_WARN_DEPRECATED_OBJC_IMPLEMENTATIONS = YES;
				CLANG_WARN_DIRECT_OBJC_ISA_USAGE = YES_ERROR;
				CLANG_WARN_DOCUMENTATION_COMMENTS = YES;
				CLANG_WARN_EMPTY_BODY = YES;
				CLANG_WARN_ENUM_CONVERSION = YES;
				CLANG_WARN_INFINITE_RECURSION = YES;
				CLANG_WARN_INT_CONVERSION = YES;
				CLANG_WARN_NON_LITERAL_NULL_CONVERSION = YES;
				CLANG_WARN_OBJC_IMPLICIT_RETAIN_SELF = YES;
				CLANG_WARN_OBJC_LITERAL_CONVERSION = YES;
				CLANG_WARN_OBJC_ROOT_CLASS = YES_ERROR;
				CLANG_WARN_QUOTED_INCLUDE_IN_FRAMEWORK_HEADER = YES;
				CLANG_WARN_RANGE_LOOP_ANALYSIS = YES;
				CLANG_WARN_STRICT_PROTOTYPES = YES;
				CLANG_WARN_SUSPICIOUS_MOVE = YES;
				CLANG_WARN_UNGUARDED_AVAILABILITY = YES_AGGRESSIVE;
				CLANG_WARN_UNREACHABLE_CODE = YES;
				CLANG_WARN__DUPLICATE_METHOD_MATCH = YES;
				COPY_PHASE_STRIP = NO;
				DEBUG_INFORMATION_FORMAT = "dwarf-with-dsym";
				ENABLE_NS_ASSERTIONS = NO;
				ENABLE_STRICT_OBJC_MSGSEND = YES;
				GCC_C_LANGUAGE_STANDARD = gnu11;
				GCC_NO_COMMON_BLOCKS = YES;
				GCC_WARN_64_TO_32_BIT_CONVERSION = YES;
				GCC_WARN_ABOUT_RETURN_TYPE = YES_ERROR;
				GCC_WARN_UNDECLARED_SELECTOR = YES;
				GCC_WARN_UNINITIALIZED_AUTOS = YES_AGGRESSIVE;
				GCC_WARN_UNUSED_FUNCTION = YES;
				GCC_WARN_UNUSED_VARIABLE = YES;
				IPHONEOS_DEPLOYMENT_TARGET = 15.5;
				MTL_ENABLE_DEBUG_INFO = NO;
				MTL_FAST_MATH = YES;
				SDKROOT = iphoneos;
				SWIFT_COMPILATION_MODE = wholemodule;
				SWIFT_OPTIMIZATION_LEVEL = "-O";
				VALIDATE_PRODUCT = YES;
			};
			name = Release;
		};
		F854010428BC6FFB007851BC /* Debug */ = {
			isa = XCBuildConfiguration;
			buildSettings = {
				ASSETCATALOG_COMPILER_APPICON_NAME = AppIcon;
				ASSETCATALOG_COMPILER_GLOBAL_ACCENT_COLOR_NAME = AccentColor;
				CODE_SIGN_STYLE = Automatic;
				CURRENT_PROJECT_VERSION = 1;
				DEVELOPMENT_TEAM = W84329STPY;
				GENERATE_INFOPLIST_FILE = YES;
				INFOPLIST_FILE = ExerciseCombine/Info.plist;
				INFOPLIST_KEY_UIApplicationSupportsIndirectInputEvents = YES;
				INFOPLIST_KEY_UILaunchStoryboardName = LaunchScreen;
				INFOPLIST_KEY_UIMainStoryboardFile = Main;
				INFOPLIST_KEY_UISupportedInterfaceOrientations_iPad = "UIInterfaceOrientationPortrait UIInterfaceOrientationPortraitUpsideDown UIInterfaceOrientationLandscapeLeft UIInterfaceOrientationLandscapeRight";
				INFOPLIST_KEY_UISupportedInterfaceOrientations_iPhone = "UIInterfaceOrientationPortrait UIInterfaceOrientationLandscapeLeft UIInterfaceOrientationLandscapeRight";
				LD_RUNPATH_SEARCH_PATHS = (
					"$(inherited)",
					"@executable_path/Frameworks",
				);
				MARKETING_VERSION = 1.0;
				PRODUCT_BUNDLE_IDENTIFIER = com.athoya.ExerciseCombine;
				PRODUCT_NAME = "$(TARGET_NAME)";
				SWIFT_EMIT_LOC_STRINGS = YES;
				SWIFT_VERSION = 5.0;
				TARGETED_DEVICE_FAMILY = "1,2";
			};
			name = Debug;
		};
		F854010528BC6FFB007851BC /* Release */ = {
			isa = XCBuildConfiguration;
			buildSettings = {
				ASSETCATALOG_COMPILER_APPICON_NAME = AppIcon;
				ASSETCATALOG_COMPILER_GLOBAL_ACCENT_COLOR_NAME = AccentColor;
				CODE_SIGN_STYLE = Automatic;
				CURRENT_PROJECT_VERSION = 1;
				DEVELOPMENT_TEAM = W84329STPY;
				GENERATE_INFOPLIST_FILE = YES;
				INFOPLIST_FILE = ExerciseCombine/Info.plist;
				INFOPLIST_KEY_UIApplicationSupportsIndirectInputEvents = YES;
				INFOPLIST_KEY_UILaunchStoryboardName = LaunchScreen;
				INFOPLIST_KEY_UIMainStoryboardFile = Main;
				INFOPLIST_KEY_UISupportedInterfaceOrientations_iPad = "UIInterfaceOrientationPortrait UIInterfaceOrientationPortraitUpsideDown UIInterfaceOrientationLandscapeLeft UIInterfaceOrientationLandscapeRight";
				INFOPLIST_KEY_UISupportedInterfaceOrientations_iPhone = "UIInterfaceOrientationPortrait UIInterfaceOrientationLandscapeLeft UIInterfaceOrientationLandscapeRight";
				LD_RUNPATH_SEARCH_PATHS = (
					"$(inherited)",
					"@executable_path/Frameworks",
				);
				MARKETING_VERSION = 1.0;
				PRODUCT_BUNDLE_IDENTIFIER = com.athoya.ExerciseCombine;
				PRODUCT_NAME = "$(TARGET_NAME)";
				SWIFT_EMIT_LOC_STRINGS = YES;
				SWIFT_VERSION = 5.0;
				TARGETED_DEVICE_FAMILY = "1,2";
			};
			name = Release;
		};
/* End XCBuildConfiguration section */

/* Begin XCConfigurationList section */
		F80051DF28D4688500E481DF /* Build configuration list for PBXNativeTarget "ExerciseCombineTests" */ = {
			isa = XCConfigurationList;
			buildConfigurations = (
				F80051E028D4688500E481DF /* Debug */,
				F80051E128D4688500E481DF /* Release */,
			);
			defaultConfigurationIsVisible = 0;
			defaultConfigurationName = Release;
		};
		F85400EA28BC6FF8007851BC /* Build configuration list for PBXProject "ExerciseCombine" */ = {
			isa = XCConfigurationList;
			buildConfigurations = (
				F854010128BC6FFB007851BC /* Debug */,
				F854010228BC6FFB007851BC /* Release */,
			);
			defaultConfigurationIsVisible = 0;
			defaultConfigurationName = Release;
		};
		F854010328BC6FFB007851BC /* Build configuration list for PBXNativeTarget "ExerciseCombine" */ = {
			isa = XCConfigurationList;
			buildConfigurations = (
				F854010428BC6FFB007851BC /* Debug */,
				F854010528BC6FFB007851BC /* Release */,
			);
			defaultConfigurationIsVisible = 0;
			defaultConfigurationName = Release;
		};
/* End XCConfigurationList section */
	};
	rootObject = F85400E728BC6FF8007851BC /* Project object */;
}
